
Microsoft Visual Studio Solution File, Format Version 12.00
# Visual Studio Version 17
VisualStudioVersion = 17.14.36511.14 d17.14
MinimumVisualStudioVersion = 10.0.40219.1
Project("{FAE04EC0-301F-11D3-BF4B-00C04F79EFBC}") = "AstroVeridia", "AstroVeridia\AstroVeridia.csproj", "{239A07FB-E46F-45C9-AFF5-1988495370A2}"
EndProject
Global
	GlobalSection(SolutionConfigurationPlatforms) = preSolution
		Debug|Any CPU = Debug|Any CPU
		Release|Any CPU = Release|Any CPU
	EndGlobalSection
	GlobalSection(ProjectConfigurationPlatforms) = postSolution
		{239A07FB-E46F-45C9-AFF5-1988495370A2}.Debug|Any CPU.ActiveCfg = Debug|Any CPU
		{239A07FB-E46F-45C9-AFF5-1988495370A2}.Debug|Any CPU.Build.0 = Debug|Any CPU
		{239A07FB-E46F-45C9-AFF5-1988495370A2}.Release|Any CPU.ActiveCfg = Release|Any CPU
		{239A07FB-E46F-45C9-AFF5-1988495370A2}.Release|Any CPU.Build.0 = Release|Any CPU
	EndGlobalSection
	GlobalSection(SolutionProperties) = preSolution
		HideSolutionNode = FALSE
	EndGlobalSection
	GlobalSection(ExtensibilityGlobals) = postSolution
		SolutionGuid = {5A6363A4-F890-4487-8ACC-36D2A479A7C5}
	EndGlobalSection
EndGlobal
